
Microsoft Visual Studio Solution File, Format Version 12.00
# Visual Studio Version 17
VisualStudioVersion = 17.0.32014.148
MinimumVisualStudioVersion = 10.0.40219.1
Project("{FAE04EC0-301F-11D3-BF4B-00C04F79EFBC}") = "Variavéis", "Variavéis\Variavéis.csproj", "{E627A5D7-B493-441A-865F-B8D5DE992B3C}"
EndProject
Global
	GlobalSection(SolutionConfigurationPlatforms) = preSolution
		Debug|Any CPU = Debug|Any CPU
		Release|Any CPU = Release|Any CPU
	EndGlobalSection
	GlobalSection(ProjectConfigurationPlatforms) = postSolution
		{E627A5D7-B493-441A-865F-B8D5DE992B3C}.Debug|Any CPU.ActiveCfg = Debug|Any CPU
		{E627A5D7-B493-441A-865F-B8D5DE992B3C}.Debug|Any CPU.Build.0 = Debug|Any CPU
		{E627A5D7-B493-441A-865F-B8D5DE992B3C}.Release|Any CPU.ActiveCfg = Release|Any CPU
		{E627A5D7-B493-441A-865F-B8D5DE992B3C}.Release|Any CPU.Build.0 = Release|Any CPU
	EndGlobalSection
	GlobalSection(SolutionProperties) = preSolution
		HideSolutionNode = FALSE
	EndGlobalSection
	GlobalSection(ExtensibilityGlobals) = postSolution
		SolutionGuid = {DAA140DF-7AF7-46D1-87A1-0C90F959D2FE}
	EndGlobalSection
EndGlobal
